<?xml version="1.0" encoding="utf-8"?>
<Project ToolsVersion="4.0" xmlns="http://schemas.microsoft.com/developer/msbuild/2003">
  <ItemGroup>
    <Filter Include="Исходные файлы">
      <UniqueIdentifier>{4FC737F1-C7A5-4376-A066-2A32D752A2FF}</UniqueIdentifier>
      <Extensions>cpp;c;cc;cxx;c++;cppm;ixx;def;odl;idl;hpj;bat;asm;asmx</Extensions>
    </Filter>
    <Filter Include="Файлы заголовков">
      <UniqueIdentifier>{93995380-89BD-4b04-88EB-625FBE52EBFB}</UniqueIdentifier>
      <Extensions>h;hh;hpp;hxx;h++;hm;inl;inc;ipp;xsd</Extensions>
    </Filter>
    <Filter Include="Файлы ресурсов">
      <UniqueIdentifier>{67DA6AB6-F800-4c08-8B7A-83BB121AAD01}</UniqueIdentifier>
      <Extensions>rc;ico;cur;bmp;dlg;rc2;rct;bin;rgs;gif;jpg;jpeg;jpe;resx;tiff;tif;png;wav;mfcribbon-ms</Extensions>
    </Filter>
    <Filter Include="States">
      <UniqueIdentifier>{0b021a8d-7486-4166-96ba-c1ce34f86b05}</UniqueIdentifier>
    </Filter>
    <Filter Include="Managers">
      <UniqueIdentifier>{d03399fc-d71f-49cb-b17f-278a16588239}</UniqueIdentifier>
    </Filter>
    <Filter Include="Objects">
      <UniqueIdentifier>{c1aed348-88c8-4320-9027-933bf2ac5a41}</UniqueIdentifier>
    </Filter>
  </ItemGroup>
  <ItemGroup>
    <ClCompile Include="main.cpp">
      <Filter>Файлы ресурсов</Filter>
    </ClCompile>
    <ClCompile Include="Game.cpp">
      <Filter>Исходные файлы</Filter>
    </ClCompile>
    <ClCompile Include="Level.cpp">
      <Filter>Исходные файлы</Filter>
    </ClCompile>
    <ClCompile Include="State.cpp">
      <Filter>States</Filter>
    </ClCompile>
    <ClCompile Include="GameState.cpp">
      <Filter>States</Filter>
    </ClCompile>
    <ClCompile Include="MenuState.cpp">
      <Filter>States</Filter>
    </ClCompile>
    <ClCompile Include="LevelSelectState.cpp">
      <Filter>States</Filter>
    </ClCompile>
    <ClCompile Include="ExitState.cpp">
      <Filter>States</Filter>
    </ClCompile>
    <ClCompile Include="SceneManager.cpp">
      <Filter>Managers</Filter>
    </ClCompile>
    <ClCompile Include="StateManager.cpp">
      <Filter>Managers</Filter>
    </ClCompile>
    <ClCompile Include="Player.cpp">
      <Filter>Objects</Filter>
    </ClCompile>
    <ClCompile Include="Entity.cpp">
      <Filter>Objects</Filter>
    </ClCompile>
    <ClCompile Include="Box.cpp">
      <Filter>Objects</Filter>
    </ClCompile>
    <ClCompile Include="Wall.cpp">
      <Filter>Objects</Filter>
    </ClCompile>
    <ClCompile Include="Goal.cpp">
      <Filter>Objects</Filter>
    </ClCompile>
    <ClCompile Include="Free.cpp">
      <Filter>Objects</Filter>
    </ClCompile>
  </ItemGroup>
  <ItemGroup>
    <ClInclude Include="Game.hpp">
      <Filter>Файлы заголовков</Filter>
    </ClInclude>
    <ClInclude Include="Level.hpp">
      <Filter>Файлы заголовков</Filter>
    </ClInclude>
    <ClInclude Include="State.hpp">
      <Filter>States</Filter>
    </ClInclude>
    <ClInclude Include="GameState.hpp">
      <Filter>States</Filter>
    </ClInclude>
    <ClInclude Include="MenuState.hpp">
      <Filter>States</Filter>
    </ClInclude>
    <ClInclude Include="LevelSelectState.hpp">
      <Filter>States</Filter>
    </ClInclude>
    <ClInclude Include="ExitState.hpp">
      <Filter>States</Filter>
    </ClInclude>
    <ClInclude Include="SceneManager.hpp">
      <Filter>Managers</Filter>
    </ClInclude>
    <ClInclude Include="StateManager.hpp">
      <Filter>Managers</Filter>
    </ClInclude>
    <ClInclude Include="Player.hpp">
      <Filter>Objects</Filter>
    </ClInclude>
    <ClInclude Include="Entity.hpp">
      <Filter>Objects</Filter>
    </ClInclude>
    <ClInclude Include="Box.hpp">
      <Filter>Objects</Filter>
    </ClInclude>
    <ClInclude Include="Wall.hpp">
      <Filter>Objects</Filter>
    </ClInclude>
    <ClInclude Include="Goal.hpp">
      <Filter>Objects</Filter>
    </ClInclude>
    <ClInclude Include="Free.hpp">
      <Filter>Objects</Filter>
    </ClInclude>
  </ItemGroup>
</Project>